PODS:
  - IQKeyboardManagerSwift (6.5.10)
  - SDWebImage (5.13.2):
    - SDWebImage/Core (= 5.13.2)
  - SDWebImage/Core (5.13.2)
  - SwiftMessages (9.0.6):
    - SwiftMessages/App (= 9.0.6)
  - SwiftMessages/App (9.0.6)

DEPENDENCIES:
  - IQKeyboardManagerSwift
  - SDWebImage (~> 5.0)
  - SwiftMessages

SPEC REPOS:
  trunk:
    - IQKeyboardManagerSwift
    - SDWebImage
    - SwiftMessages

SPEC CHECKSUMS:
  IQKeyboardManagerSwift: 52962c76ab33532f15ad9f3ff4e5715eda5335bb
  SDWebImage: 72f86271a6f3139cc7e4a89220946489d4b9a866
  SwiftMessages: f0c7ef4705a570ad6c5e208b611f4333e660ed92

PODFILE CHECKSUM: d31d6380a8bc7001721ddf3d17e053f2790ef17e

COCOAPODS: 1.11.2
